
Microsoft Visual Studio Solution File, Format Version 12.00
# Visual Studio Version 16
VisualStudioVersion = 16.0.31624.102
MinimumVisualStudioVersion = 10.0.40219.1
Project("{FAE04EC0-301F-11D3-BF4B-00C04F79EFBC}") = "SemCountdown", "SemCountdown\SemCountdown.csproj", "{E63E7F97-8C0F-43A2-8DC1-B610DE6078E4}"
EndProject
Global
	GlobalSection(SolutionConfigurationPlatforms) = preSolution
		Debug|Any CPU = Debug|Any CPU
		Release|Any CPU = Release|Any CPU
	EndGlobalSection
	GlobalSection(ProjectConfigurationPlatforms) = postSolution
		{E63E7F97-8C0F-43A2-8DC1-B610DE6078E4}.Debug|Any CPU.ActiveCfg = Debug|Any CPU
		{E63E7F97-8C0F-43A2-8DC1-B610DE6078E4}.Debug|Any CPU.Build.0 = Debug|Any CPU
		{E63E7F97-8C0F-43A2-8DC1-B610DE6078E4}.Release|Any CPU.ActiveCfg = Release|Any CPU
		{E63E7F97-8C0F-43A2-8DC1-B610DE6078E4}.Release|Any CPU.Build.0 = Release|Any CPU
	EndGlobalSection
	GlobalSection(SolutionProperties) = preSolution
		HideSolutionNode = FALSE
	EndGlobalSection
	GlobalSection(ExtensibilityGlobals) = postSolution
		SolutionGuid = {43FD3ED7-7497-46C0-AEFF-F98C5188684A}
	EndGlobalSection
EndGlobal
